
Microsoft Visual Studio Solution File, Format Version 12.00
# Visual Studio Version 17
VisualStudioVersion = 17.10.35013.160
MinimumVisualStudioVersion = 10.0.40219.1
Project("{FAE04EC0-301F-11D3-BF4B-00C04F79EFBC}") = "Shabbat", "Shabbat\Shabbat.csproj", "{5434A6A4-38F3-45B8-BE56-B3CE6EDCC253}"
EndProject
Global
	GlobalSection(SolutionConfigurationPlatforms) = preSolution
		Debug|Any CPU = Debug|Any CPU
		Release|Any CPU = Release|Any CPU
	EndGlobalSection
	GlobalSection(ProjectConfigurationPlatforms) = postSolution
		{5434A6A4-38F3-45B8-BE56-B3CE6EDCC253}.Debug|Any CPU.ActiveCfg = Debug|Any CPU
		{5434A6A4-38F3-45B8-BE56-B3CE6EDCC253}.Debug|Any CPU.Build.0 = Debug|Any CPU
		{5434A6A4-38F3-45B8-BE56-B3CE6EDCC253}.Release|Any CPU.ActiveCfg = Release|Any CPU
		{5434A6A4-38F3-45B8-BE56-B3CE6EDCC253}.Release|Any CPU.Build.0 = Release|Any CPU
	EndGlobalSection
	GlobalSection(SolutionProperties) = preSolution
		HideSolutionNode = FALSE
	EndGlobalSection
	GlobalSection(ExtensibilityGlobals) = postSolution
		SolutionGuid = {A68E71F6-F4BA-486A-8822-780418636E38}
	EndGlobalSection
EndGlobal
